#MicroXplorer Configuration settings - do not modify
Mcu.Family=STM32F3
SH.GPXTI1.0=GPIO_EXTI1
ProjectManager.MainLocation=Src
RCC.MCOFreq_Value=8000000
RCC.USART1Freq_Value=8000000
RCC.CortexFreq_Value=8000000
ProjectManager.KeepUserCode=true
PF0\ /\ OSC_IN.Mode=HSE-External-Oscillator
Mcu.UserName=STM32F303K8Tx
RCC.PLLCLKFreq_Value=8000000
PA0.GPIO_Label=US_TRIG_0
ProjectManager.functionlistsort=1-MX_GPIO_Init-GPIO-false-HAL-true,2-SystemClock_Config-RCC-false-HAL-false,3-MX_CAN_Init-CAN-false-HAL-true,4-MX_I2C1_Init-I2C1-false-HAL-true,5-MX_TIM1_Init-TIM1-false-HAL-true,6-MX_TIM2_Init-TIM2-false-HAL-true,7-MX_USART1_UART_Init-USART1-false-HAL-true
PA9.GPIOParameters=GPIO_Label
PA11.Mode=Master
RCC.RTCFreq_Value=40000
PA3.GPIOParameters=GPIO_Label
PA6.GPIO_Label=US_TRIG_3
PB0.GPIO_Label=US_OUTPUT_ENABLE
RCC.HSEPLLFreq_Value=8000000
USART1.IPParameters=VirtualMode-Asynchronous
PA2.GPIOParameters=GPIO_Label
PinOutPanel.RotationAngle=0
ProjectManager.StackSize=0x400
PB5.GPIOParameters=GPIO_Label
Mcu.IP4=SYS
SH.GPXTI7.ConfNb=1
RCC.FCLKCortexFreq_Value=8000000
Mcu.IP5=TIM1
Mcu.IP2=NVIC
NVIC.SVCall_IRQn=true\:0\:0\:false\:false\:true\:false\:false
Mcu.IP3=RCC
PA15.GPIO_Label=I2C1_SCL_ToF
PB4.GPIOParameters=GPIO_Label
Mcu.IP0=CAN
Mcu.IP1=I2C1
PA12.Signal=CAN_TX
SH.GPXTI3.ConfNb=1
Mcu.UserConstants=
Mcu.ThirdPartyNb=0
RCC.HCLKFreq_Value=8000000
Mcu.IPNb=8
ProjectManager.PreviousToolchain=
RCC.APB2TimFreq_Value=8000000
PA8.GPIOParameters=GPIO_Label
Mcu.Pin6=PA4
VP_TIM2_VS_ClockSourceINT.Signal=TIM2_VS_ClockSourceINT
Mcu.Pin7=PA5
Mcu.Pin8=PA6
Mcu.Pin9=PA7
RCC.AHBFreq_Value=8000000
RCC.TIM2Freq_Value=8000000
Mcu.Pin0=PF0 / OSC_IN
Mcu.Pin1=PF1 / OSC_OUT
Mcu.Pin2=PA0
Mcu.Pin3=PA1
Mcu.Pin4=PA2
Mcu.Pin5=PA3
ProjectManager.ProjectBuild=false
RCC.HSE_VALUE=8000000
NVIC.UsageFault_IRQn=true\:0\:0\:false\:false\:true\:false\:false
PA0.Locked=true
NVIC.DebugMonitor_IRQn=true\:0\:0\:false\:false\:true\:false\:false
PA8.Locked=true
PA4.Locked=true
NVIC.SysTick_IRQn=true\:0\:0\:false\:false\:true\:false\:true
PA15.Mode=I2C
SH.GPXTI7.0=GPIO_EXTI7
ProjectManager.FirmwarePackage=STM32Cube FW_F3 V1.11.1
MxDb.Version=DB.6.0.0
PB0.GPIOParameters=GPIO_Label
PA1.GPIOParameters=GPIO_Label
ProjectManager.BackupPrevious=false
PA14.Mode=Serial_Wire
PB1.GPIO_Label=I2C_TOF_EN
File.Version=6
PA10.GPIO_Label=USART1_RX_DEBUG
PB7.Signal=I2C1_SDA
PA8.Signal=GPIO_Output
NVIC.PendSV_IRQn=true\:0\:0\:false\:false\:true\:false\:false
CAN.CalculateTimeQuantum=2000.0
ProjectManager.HalAssertFull=false
PB0.Locked=true
VP_TIM1_VS_ClockSourceINT.Mode=Internal
ProjectManager.ProjectName=ultraphotonicsense-cubemx
PA0.Signal=GPIO_Output
RCC.TIM1Freq_Value=8000000
RCC.PLLMCOFreq_Value=8000000
PB7.GPIO_Label=I2C1_SDA_ToF
Mcu.Package=LQFP32
PB1.Signal=GPIO_Output
PA6.Signal=GPIO_Output
PA7.Locked=true
PA5.Locked=true
ProjectManager.ToolChainLocation=
PA2.GPIO_Label=US_TRIG_1
RCC.LSI_VALUE=40000
VP_SYS_VS_Systick.Signal=SYS_VS_Systick
SH.GPXTI5.ConfNb=1
PA10.Signal=USART1_RX
PA15.Signal=I2C1_SCL
PA5.GPIOParameters=GPIO_Label
PB5.GPIO_Label=TOF_RESET_SHIFT
RCC.APB1TimFreq_Value=8000000
NVIC.BusFault_IRQn=true\:0\:0\:false\:false\:true\:false\:false
PA4.GPIO_Label=US_TRIG_2
ProjectManager.CustomerFirmwarePackage=
PB4.Signal=GPIO_Output
PA3.Signal=GPXTI3
PA2.Locked=true
PA6.GPIOParameters=GPIO_Label
SH.GPXTI5.0=GPIO_EXTI5
ProjectManager.ProjectFileName=ultraphotonicsense-cubemx.ioc
RCC.ADC12outputFreq_Value=8000000
PA10.Mode=Asynchronous
PA15.GPIOParameters=GPIO_Label
Mcu.PinsNb=26
ProjectManager.NoMain=false
PA9.GPIO_Label=USART1_TX_DEBUG
ProjectManager.DefaultFWLocation=true
ProjectManager.DeletePrevious=true
RCC.HSIPLLFreq_Value=4000000
RCC.FamilyName=M
USART1.VirtualMode-Asynchronous=VM_ASYNC
PA13.Signal=SYS_JTMS-SWDIO
PA9.Mode=Asynchronous
CAN.BS2=CAN_BS2_1TQ
PA8.GPIO_Label=LED_Status
CAN.BS1=CAN_BS1_1TQ
ProjectManager.TargetToolchain=EWARM V8.32
PB7.GPIOParameters=GPIO_Label
PA9.Signal=USART1_TX
VP_TIM1_VS_ClockSourceINT.Signal=TIM1_VS_ClockSourceINT
PB5.Locked=true
ProjectManager.RegisterCallBack=
PA1.Signal=GPXTI1
PF1\ /\ OSC_OUT.Signal=RCC_OSC_OUT
PB1.Locked=true
PA5.Signal=GPXTI5
board=custom
SH.GPXTI3.0=GPIO_EXTI3
ProjectManager.LastFirmware=true
RCC.VCOOutput2Freq_Value=4000000
RCC.APB2Freq_Value=8000000
PF0\ /\ OSC_IN.Signal=RCC_OSC_IN
MxCube.Version=6.0.0
PB4.GPIO_Label=TOF_RESET_DATA
VP_TIM2_VS_ClockSourceINT.Mode=Internal
RCC.I2C1Freq_Value=8000000
PA1.GPIO_Label=US_ECHO_0 [INT]
PA10.GPIOParameters=GPIO_Label
VP_SYS_VS_Systick.Mode=SysTick
NVIC.NonMaskableInt_IRQn=true\:0\:0\:false\:false\:true\:false\:false
PA4.GPIOParameters=GPIO_Label
CAN.IPParameters=CalculateTimeQuantum,BS1,BS2
PA13.Mode=Serial_Wire
ProjectManager.FreePins=false
RCC.IPParameters=ADC12outputFreq_Value,AHBFreq_Value,APB1Freq_Value,APB1TimFreq_Value,APB2Freq_Value,APB2TimFreq_Value,CortexFreq_Value,FCLKCortexFreq_Value,FamilyName,HCLKFreq_Value,HSEPLLFreq_Value,HSE_VALUE,HSIPLLFreq_Value,HSI_VALUE,I2C1Freq_Value,LSI_VALUE,MCOFreq_Value,PLLCLKFreq_Value,PLLMCOFreq_Value,RTCFreq_Value,RTCHSEDivFreq_Value,SYSCLKFreq_VALUE,TIM1Freq_Value,TIM2Freq_Value,USART1Freq_Value,VCOOutput2Freq_Value
ProjectManager.AskForMigrate=true
Mcu.Name=STM32F303K(6-8)Tx
RCC.RTCHSEDivFreq_Value=250000
Mcu.Pin24=VP_TIM1_VS_ClockSourceINT
PA2.Signal=GPIO_Output
ProjectManager.UnderRoot=false
Mcu.Pin25=VP_TIM2_VS_ClockSourceINT
Mcu.IP6=TIM2
Mcu.IP7=USART1
ProjectManager.CoupleFile=false
PB4.Locked=true
PA4.Signal=GPIO_Output
RCC.SYSCLKFreq_VALUE=8000000
PB5.Signal=GPIO_Output
Mcu.Pin22=PB7
Mcu.Pin23=VP_SYS_VS_Systick
PA1.Locked=true
PA7.GPIO_Label=US_ECHO_3 [INT]
Mcu.Pin20=PB4
PA3.Locked=true
Mcu.Pin21=PB5
PA12.Mode=Master
PA5.GPIO_Label=US_ECHO_2 [INT]
NVIC.ForceEnableDMAVector=true
KeepUserPlacement=false
NVIC.MemoryManagement_IRQn=true\:0\:0\:false\:false\:true\:false\:false
ProjectManager.CompilerOptimize=6
PB7.Mode=I2C
PA11.Signal=CAN_RX
PA14.Signal=SYS_JTCK-SWCLK
ProjectManager.HeapSize=0x200
PA0.GPIOParameters=GPIO_Label
Mcu.Pin15=PA11
NVIC.HardFault_IRQn=true\:0\:0\:false\:false\:true\:false\:false
Mcu.Pin16=PA12
Mcu.Pin13=PA9
Mcu.Pin14=PA10
Mcu.Pin19=PA15
ProjectManager.ComputerToolchain=false
Mcu.Pin17=PA13
RCC.HSI_VALUE=8000000
Mcu.Pin18=PA14
NVIC.PriorityGroup=NVIC_PRIORITYGROUP_4
Mcu.Pin11=PB1
Mcu.Pin12=PA8
Mcu.Pin10=PB0
SH.GPXTI1.ConfNb=1
RCC.APB1Freq_Value=8000000
PB0.Signal=GPIO_Output
PA7.GPIOParameters=GPIO_Label
ProjectManager.DeviceId=STM32F303K8Tx
ProjectManager.LibraryCopy=0
PF1\ /\ OSC_OUT.Mode=HSE-External-Oscillator
PA3.GPIO_Label=US_ECHO_1 [INT]
PB1.GPIOParameters=GPIO_Label
PA7.Signal=GPXTI7
PA6.Locked=true
